
Microsoft Visual Studio Solution File, Format Version 12.00
# Visual Studio Version 17
VisualStudioVersion = 17.0.32014.148
MinimumVisualStudioVersion = 10.0.40219.1
Project("{9A19103F-16F7-4668-BE54-9A1E7A4F7556}") = "MyWebSite", "MyWebSite\MyWebSite.csproj", "{73C4FC97-FAC4-4A84-A53E-B9E6F4D9E56F}"
EndProject
Project("{2150E333-8FDC-42A3-9474-1A3956D46DE8}") = "Solution Items", "Solution Items", "{899C2FD2-69F0-4BFC-BD29-D56FB77D7309}"
	ProjectSection(SolutionItems) = preProject
		README.md = README.md
	EndProjectSection
EndProject
Project("{9A19103F-16F7-4668-BE54-9A1E7A4F7556}") = "PagedList", "PagedList\PagedList.csproj", "{97B289D3-25AC-4F37-AB42-90EA44DF0918}"
EndProject
Global
	GlobalSection(SolutionConfigurationPlatforms) = preSolution
		Debug|Any CPU = Debug|Any CPU
		Release|Any CPU = Release|Any CPU
	EndGlobalSection
	GlobalSection(ProjectConfigurationPlatforms) = postSolution
		{73C4FC97-FAC4-4A84-A53E-B9E6F4D9E56F}.Debug|Any CPU.ActiveCfg = Debug|Any CPU
		{73C4FC97-FAC4-4A84-A53E-B9E6F4D9E56F}.Debug|Any CPU.Build.0 = Debug|Any CPU
		{73C4FC97-FAC4-4A84-A53E-B9E6F4D9E56F}.Release|Any CPU.ActiveCfg = Release|Any CPU
		{73C4FC97-FAC4-4A84-A53E-B9E6F4D9E56F}.Release|Any CPU.Build.0 = Release|Any CPU
		{97B289D3-25AC-4F37-AB42-90EA44DF0918}.Debug|Any CPU.ActiveCfg = Debug|Any CPU
		{97B289D3-25AC-4F37-AB42-90EA44DF0918}.Debug|Any CPU.Build.0 = Debug|Any CPU
		{97B289D3-25AC-4F37-AB42-90EA44DF0918}.Release|Any CPU.ActiveCfg = Release|Any CPU
		{97B289D3-25AC-4F37-AB42-90EA44DF0918}.Release|Any CPU.Build.0 = Release|Any CPU
	EndGlobalSection
	GlobalSection(SolutionProperties) = preSolution
		HideSolutionNode = FALSE
	EndGlobalSection
	GlobalSection(ExtensibilityGlobals) = postSolution
		SolutionGuid = {F9747970-C095-499C-9A3B-1086CA51E4C8}
	EndGlobalSection
EndGlobal
